
Microsoft Visual Studio Solution File, Format Version 12.00
# Visual Studio Version 17
VisualStudioVersion = 17.3.32929.385
MinimumVisualStudioVersion = 10.0.40219.1
Project("{9A19103F-16F7-4668-BE54-9A1E7A4F7556}") = "TEST-MS-VIDEO-16---", "TEST-MS-VIDEO-16---\TEST-MS-VIDEO-16---.csproj", "{AE43CAD5-EBEE-486B-80E8-DE3A8BA9B473}"
EndProject
Project("{FAE04EC0-301F-11D3-BF4B-00C04F79EFBC}") = "BankLibrary", "BankLibrary\BankLibrary.csproj", "{FEDD931A-C5A2-41E1-93E6-26575FD2FC80}"
EndProject
Project("{FAE04EC0-301F-11D3-BF4B-00C04F79EFBC}") = "BankingTests", "BankingTests\BankingTests.csproj", "{86058432-91C6-4B80-9653-2AA6BE0FE52E}"
EndProject
Global
	GlobalSection(SolutionConfigurationPlatforms) = preSolution
		Debug|Any CPU = Debug|Any CPU
		Release|Any CPU = Release|Any CPU
	EndGlobalSection
	GlobalSection(ProjectConfigurationPlatforms) = postSolution
		{AE43CAD5-EBEE-486B-80E8-DE3A8BA9B473}.Debug|Any CPU.ActiveCfg = Debug|Any CPU
		{AE43CAD5-EBEE-486B-80E8-DE3A8BA9B473}.Debug|Any CPU.Build.0 = Debug|Any CPU
		{AE43CAD5-EBEE-486B-80E8-DE3A8BA9B473}.Release|Any CPU.ActiveCfg = Release|Any CPU
		{AE43CAD5-EBEE-486B-80E8-DE3A8BA9B473}.Release|Any CPU.Build.0 = Release|Any CPU
		{FEDD931A-C5A2-41E1-93E6-26575FD2FC80}.Debug|Any CPU.ActiveCfg = Debug|Any CPU
		{FEDD931A-C5A2-41E1-93E6-26575FD2FC80}.Debug|Any CPU.Build.0 = Debug|Any CPU
		{FEDD931A-C5A2-41E1-93E6-26575FD2FC80}.Release|Any CPU.ActiveCfg = Release|Any CPU
		{FEDD931A-C5A2-41E1-93E6-26575FD2FC80}.Release|Any CPU.Build.0 = Release|Any CPU
		{86058432-91C6-4B80-9653-2AA6BE0FE52E}.Debug|Any CPU.ActiveCfg = Debug|Any CPU
		{86058432-91C6-4B80-9653-2AA6BE0FE52E}.Debug|Any CPU.Build.0 = Debug|Any CPU
		{86058432-91C6-4B80-9653-2AA6BE0FE52E}.Release|Any CPU.ActiveCfg = Release|Any CPU
		{86058432-91C6-4B80-9653-2AA6BE0FE52E}.Release|Any CPU.Build.0 = Release|Any CPU
	EndGlobalSection
	GlobalSection(SolutionProperties) = preSolution
		HideSolutionNode = FALSE
	EndGlobalSection
	GlobalSection(ExtensibilityGlobals) = postSolution
		SolutionGuid = {D53D7B50-846C-40F5-83D6-084C8B78FEFF}
	EndGlobalSection
EndGlobal
